lockfileVersion: '9.0'

settings:
  autoInstallPeers: true
  excludeLinksFromLockfile: false

importers:

  .:
    devDependencies:
      '@figma/plugin-typings':
        specifier: ^1.101.0
        version: 1.125.0
      typescript:
        specifier: ^5.4.0
        version: 5.9.3

packages:

  '@figma/plugin-typings@1.125.0':
    resolution: {integrity: sha512-8cXB4iKyRFl+/DryImvTngkFtgnowZUeFu/dt/jSaFL04mOKhGoZE1d1Vz+sUKUdZWXibGIWexCCdFK5gH5zxg==}

  typescript@5.9.3:
    resolution: {integrity: sha512-jl1vZzPDinLr9eUt3J/t7V6FgNEw9QjvBPdysz9KfQDD41fQrC2Y4vKQdiaUpFT4bXlb1RHhLpp8wtm6M5TgSw==}
    engines: {node: '>=14.17'}
    hasBin: true

snapshots:

  '@figma/plugin-typings@1.125.0': {}

  typescript@5.9.3: {}
